
Microsoft Visual Studio Solution File, Format Version 12.00
# Visual Studio Version 16
VisualStudioVersion = 16.0.29020.237
MinimumVisualStudioVersion = 10.0.40219.1
Project("{FAE04EC0-301F-11D3-BF4B-00C04F79EFBC}") = "HCMT", "HCMT\HCMT.csproj", "{BFBBF726-B450-4C84-8B09-63604A46003F}"
EndProject
Project("{FAE04EC0-301F-11D3-BF4B-00C04F79EFBC}") = "HCMT.Library", "Library\HCMT.Library\HCMT.Library.csproj", "{51E24F1A-C3B2-40A5-AE5E-CA920C45E92C}"
EndProject
Global
	GlobalSection(SolutionConfigurationPlatforms) = preSolution
		Debug|Any CPU = Debug|Any CPU
		Release|Any CPU = Release|Any CPU
	EndGlobalSection
	GlobalSection(ProjectConfigurationPlatforms) = postSolution
		{BFBBF726-B450-4C84-8B09-63604A46003F}.Debug|Any CPU.ActiveCfg = Debug|Any CPU
		{BFBBF726-B450-4C84-8B09-63604A46003F}.Debug|Any CPU.Build.0 = Debug|Any CPU
		{BFBBF726-B450-4C84-8B09-63604A46003F}.Release|Any CPU.ActiveCfg = Release|Any CPU
		{BFBBF726-B450-4C84-8B09-63604A46003F}.Release|Any CPU.Build.0 = Release|Any CPU
		{51E24F1A-C3B2-40A5-AE5E-CA920C45E92C}.Debug|Any CPU.ActiveCfg = Debug|Any CPU
		{51E24F1A-C3B2-40A5-AE5E-CA920C45E92C}.Debug|Any CPU.Build.0 = Debug|Any CPU
		{51E24F1A-C3B2-40A5-AE5E-CA920C45E92C}.Release|Any CPU.ActiveCfg = Release|Any CPU
		{51E24F1A-C3B2-40A5-AE5E-CA920C45E92C}.Release|Any CPU.Build.0 = Release|Any CPU
	EndGlobalSection
	GlobalSection(SolutionProperties) = preSolution
		HideSolutionNode = FALSE
	EndGlobalSection
	GlobalSection(ExtensibilityGlobals) = postSolution
		SolutionGuid = {8D2D00FA-D6A0-4515-BF6E-C9902C99DD06}
	EndGlobalSection
EndGlobal
